
Microsoft Visual Studio Solution File, Format Version 12.00
# Visual Studio 15
VisualStudioVersion = 15.0.26403.7
MinimumVisualStudioVersion = 10.0.40219.1
Project("{FAE04EC0-301F-11D3-BF4B-00C04F79EFBC}") = "Moejoe.ProofOfConcept.JsonMergePatch.Core", "src\Moejoe.ProofOfConcept.JsonMergePatch.Core\Moejoe.ProofOfConcept.JsonMergePatch.Core.csproj", "{82AAA922-1C4C-40D8-8678-1009B261ED93}"
EndProject
Project("{9A19103F-16F7-4668-BE54-9A1E7A4F7556}") = "Moejoe.ProofOfConcept.JsonMergePatch.Core.Tests", "test\Moejoe.ProofOfConcept.JsonMergePatch.Tests\Moejoe.ProofOfConcept.JsonMergePatch.Core.Tests.csproj", "{F3558A9B-5849-4D01-93CB-13F1925CD350}"
EndProject
Global
	GlobalSection(SolutionConfigurationPlatforms) = preSolution
		Debug|Any CPU = Debug|Any CPU
		Release|Any CPU = Release|Any CPU
	EndGlobalSection
	GlobalSection(ProjectConfigurationPlatforms) = postSolution
		{82AAA922-1C4C-40D8-8678-1009B261ED93}.Debug|Any CPU.ActiveCfg = Debug|Any CPU
		{82AAA922-1C4C-40D8-8678-1009B261ED93}.Debug|Any CPU.Build.0 = Debug|Any CPU
		{82AAA922-1C4C-40D8-8678-1009B261ED93}.Release|Any CPU.ActiveCfg = Release|Any CPU
		{82AAA922-1C4C-40D8-8678-1009B261ED93}.Release|Any CPU.Build.0 = Release|Any CPU
		{F3558A9B-5849-4D01-93CB-13F1925CD350}.Debug|Any CPU.ActiveCfg = Debug|Any CPU
		{F3558A9B-5849-4D01-93CB-13F1925CD350}.Debug|Any CPU.Build.0 = Debug|Any CPU
		{F3558A9B-5849-4D01-93CB-13F1925CD350}.Release|Any CPU.ActiveCfg = Release|Any CPU
		{F3558A9B-5849-4D01-93CB-13F1925CD350}.Release|Any CPU.Build.0 = Release|Any CPU
	EndGlobalSection
	GlobalSection(SolutionProperties) = preSolution
		HideSolutionNode = FALSE
	EndGlobalSection
EndGlobal
